<?xml version="1.0" encoding="utf-8"?>
<Project ToolsVersion="4.0" xmlns="http://schemas.microsoft.com/developer/msbuild/2003">
  <ItemGroup>
    <Filter Include="Source Files">
      <UniqueIdentifier>{4FC737F1-C7A5-4376-A066-2A32D752A2FF}</UniqueIdentifier>
      <Extensions>cpp;c;cc;cxx;def;odl;idl;hpj;bat;asm;asmx</Extensions>
    </Filter>
    <Filter Include="Header Files">
      <UniqueIdentifier>{93995380-89BD-4b04-88EB-625FBE52EBFB}</UniqueIdentifier>
      <Extensions>h;hh;hpp;hxx;hm;inl;inc;xsd</Extensions>
    </Filter>
    <Filter Include="Resource Files">
      <UniqueIdentifier>{67DA6AB6-F800-4c08-8B7A-83BB121AAD01}</UniqueIdentifier>
      <Extensions>rc;ico;cur;bmp;dlg;rc2;rct;bin;rgs;gif;jpg;jpeg;jpe;resx;tiff;tif;png;wav;mfcribbon-ms</Extensions>
    </Filter>
    <Filter Include="Header Files\Managers">
      <UniqueIdentifier>{c3954de4-cfed-452e-8de5-342b4fffbcb7}</UniqueIdentifier>
    </Filter>
    <Filter Include="Source Files\Managers">
      <UniqueIdentifier>{51c66411-1572-454f-aa17-a53941c967ad}</UniqueIdentifier>
    </Filter>
    <Filter Include="Header Files\Math">
      <UniqueIdentifier>{f2f90c61-eddf-435f-9d88-92e3b26a5d28}</UniqueIdentifier>
    </Filter>
    <Filter Include="Source Files\Math">
      <UniqueIdentifier>{4590a8f1-ae8a-4798-bab5-f3dad378d58d}</UniqueIdentifier>
    </Filter>
    <Filter Include="Header Files\GameObjects">
      <UniqueIdentifier>{a5b2baef-826e-441c-8299-e0283014a73d}</UniqueIdentifier>
    </Filter>
    <Filter Include="Source Files\GameObjects">
      <UniqueIdentifier>{c7c15edd-033d-4d73-9b4f-af3a181db015}</UniqueIdentifier>
    </Filter>
    <Filter Include="Header Files\AI">
      <UniqueIdentifier>{c18cc578-0c29-4318-bffa-2fdb39253f5d}</UniqueIdentifier>
    </Filter>
    <Filter Include="Source Files\AI">
      <UniqueIdentifier>{c1e3d16f-c0be-427c-b8b1-6e237503c6f3}</UniqueIdentifier>
    </Filter>
    <Filter Include="Header Files\GameObjects\EntityBodyParts">
      <UniqueIdentifier>{ca269404-41ec-4ed5-a500-0f5c39add19e}</UniqueIdentifier>
    </Filter>
    <Filter Include="Source Files\GameObjects\EntityBodyParts">
      <UniqueIdentifier>{99796f3b-f861-4dc7-8e9e-3699d9d5e152}</UniqueIdentifier>
    </Filter>
  </ItemGroup>
  <ItemGroup>
    <ClCompile Include="TheGameApp.cpp">
      <Filter>Source Files</Filter>
    </ClCompile>
    <ClCompile Include="main.cpp">
      <Filter>Source Files</Filter>
    </ClCompile>
    <ClCompile Include="ResourceManager.cpp">
      <Filter>Source Files\Managers</Filter>
    </ClCompile>
    <ClCompile Include="InputManager.cpp">
      <Filter>Source Files\Managers</Filter>
    </ClCompile>
    <ClCompile Include="ObjectManager.cpp">
      <Filter>Source Files\Managers</Filter>
    </ClCompile>
    <ClCompile Include="V2.cpp">
      <Filter>Source Files\Math</Filter>
    </ClCompile>
    <ClCompile Include="M3.cpp">
      <Filter>Source Files\Math</Filter>
    </ClCompile>
    <ClCompile Include="Footstep.cpp">
      <Filter>Source Files\GameObjects</Filter>
    </ClCompile>
    <ClCompile Include="Entity.cpp">
      <Filter>Source Files\GameObjects</Filter>
    </ClCompile>
    <ClCompile Include="BehaviourManager.cpp">
      <Filter>Source Files\Managers</Filter>
    </ClCompile>
    <ClCompile Include="BodyManager.cpp">
      <Filter>Source Files\Managers</Filter>
    </ClCompile>
    <ClCompile Include="UserControlled.cpp">
      <Filter>Source Files\AI</Filter>
    </ClCompile>
    <ClCompile Include="PredatorAI.cpp">
      <Filter>Source Files\AI</Filter>
    </ClCompile>
    <ClCompile Include="HerbiAI.cpp">
      <Filter>Source Files\AI</Filter>
    </ClCompile>
    <ClCompile Include="GameManager.cpp">
      <Filter>Source Files\Managers</Filter>
    </ClCompile>
    <ClCompile Include="AbstractObject.cpp">
      <Filter>Source Files\GameObjects</Filter>
    </ClCompile>
    <ClCompile Include="AbstractAI.cpp">
      <Filter>Source Files\AI</Filter>
    </ClCompile>
    <ClCompile Include="Tail.cpp">
      <Filter>Source Files\GameObjects\EntityBodyParts</Filter>
    </ClCompile>
    <ClCompile Include="Head.cpp">
      <Filter>Source Files\GameObjects\EntityBodyParts</Filter>
    </ClCompile>
    <ClCompile Include="T2.cpp">
      <Filter>Source Files\Math</Filter>
    </ClCompile>
    <ClCompile Include="Clamp.cpp">
      <Filter>Source Files\Math</Filter>
    </ClCompile>
    <ClCompile Include="Legs.cpp">
      <Filter>Source Files\GameObjects\EntityBodyParts</Filter>
    </ClCompile>
    <ClCompile Include="Tree.cpp">
      <Filter>Source Files\GameObjects</Filter>
    </ClCompile>
    <ClCompile Include="Tile.cpp">
      <Filter>Source Files\GameObjects</Filter>
    </ClCompile>
  </ItemGroup>
  <ItemGroup>
    <ClInclude Include="InputManager.h">
      <Filter>Header Files\Managers</Filter>
    </ClInclude>
    <ClInclude Include="ObjectManager.h">
      <Filter>Header Files\Managers</Filter>
    </ClInclude>
    <ClInclude Include="ResourceManager.h">
      <Filter>Header Files\Managers</Filter>
    </ClInclude>
    <ClInclude Include="TheGameApp.h">
      <Filter>Header Files</Filter>
    </ClInclude>
    <ClInclude Include="V2.h">
      <Filter>Header Files\Math</Filter>
    </ClInclude>
    <ClInclude Include="M3.h">
      <Filter>Header Files\Math</Filter>
    </ClInclude>
    <ClInclude Include="Entity.h">
      <Filter>Header Files\GameObjects</Filter>
    </ClInclude>
    <ClInclude Include="Footstep.h">
      <Filter>Header Files\GameObjects</Filter>
    </ClInclude>
    <ClInclude Include="BodyManager.h">
      <Filter>Header Files\Managers</Filter>
    </ClInclude>
    <ClInclude Include="UserControlled.h">
      <Filter>Header Files\AI</Filter>
    </ClInclude>
    <ClInclude Include="PredatorAI.h">
      <Filter>Header Files\AI</Filter>
    </ClInclude>
    <ClInclude Include="HerbiAI.h">
      <Filter>Header Files\AI</Filter>
    </ClInclude>
    <ClInclude Include="GameManager.h">
      <Filter>Header Files\Managers</Filter>
    </ClInclude>
    <ClInclude Include="AbstractObject.h">
      <Filter>Header Files\GameObjects</Filter>
    </ClInclude>
    <ClInclude Include="AbstractAI.h">
      <Filter>Header Files\AI</Filter>
    </ClInclude>
    <ClInclude Include="BehaviourManager.h">
      <Filter>Header Files\Managers</Filter>
    </ClInclude>
    <ClInclude Include="Tail.h">
      <Filter>Header Files\GameObjects\EntityBodyParts</Filter>
    </ClInclude>
    <ClInclude Include="Head.h">
      <Filter>Header Files\GameObjects\EntityBodyParts</Filter>
    </ClInclude>
    <ClInclude Include="T2.h">
      <Filter>Header Files\Math</Filter>
    </ClInclude>
    <ClInclude Include="Clamp.h">
      <Filter>Header Files\Math</Filter>
    </ClInclude>
    <ClInclude Include="Legs.h">
      <Filter>Header Files\GameObjects\EntityBodyParts</Filter>
    </ClInclude>
    <ClInclude Include="Tree.h">
      <Filter>Header Files\GameObjects</Filter>
    </ClInclude>
    <ClInclude Include="Tile.h">
      <Filter>Header Files\GameObjects</Filter>
    </ClInclude>
    <ClInclude Include="Global.h">
      <Filter>Header Files</Filter>
    </ClInclude>
  </ItemGroup>
</Project>